
Microsoft Visual Studio Solution File, Format Version 12.00
# Visual Studio Version 17
VisualStudioVersion = 17.0.31903.59
MinimumVisualStudioVersion = 10.0.40219.1
Project("{2150E333-8FDC-42A3-9474-1A3956D46DE8}") = "App", "App", "{F95F473B-E98A-ACD6-1986-755F447BE36F}"
EndProject
Project("{FAE04EC0-301F-11D3-BF4B-00C04F79EFBC}") = "MyAirVinyl", "App\MyAirVinyl.csproj", "{E4999D1C-8482-4744-8A42-E04E3BA96FAB}"
EndProject
Project("{2150E333-8FDC-42A3-9474-1A3956D46DE8}") = "Data", "Data", "{02EA681E-C7D8-13C7-8484-4AC65E1B71E8}"
EndProject
Project("{FAE04EC0-301F-11D3-BF4B-00C04F79EFBC}") = "AirVinyContext", "Data\AirVinyContext\AirVinyContext.csproj", "{D01A3E0F-50D2-4C02-A94F-AA0C37C726D3}"
EndProject
Project("{2150E333-8FDC-42A3-9474-1A3956D46DE8}") = "CustomerDefaultApp", "CustomerDefaultApp", "{AD224F9D-5C7D-42FA-8CF1-679007DBFA0A}"
EndProject
Project("{FAE04EC0-301F-11D3-BF4B-00C04F79EFBC}") = "CustomersODataApp", "CustomersODataApp\CustomersODataApp.csproj", "{4E9615BE-7E64-6613-7CA7-8A11157291ED}"
EndProject
Project("{2150E333-8FDC-42A3-9474-1A3956D46DE8}") = "Scratch", "Scratch", "{85315945-EAD3-408B-92AC-B579DFDFE922}"
EndProject
Project("{FAE04EC0-301F-11D3-BF4B-00C04F79EFBC}") = "AirVinylRepository", "Data\AirVinylRepository\AirVinylRepository.csproj", "{F1A81B56-92B8-402F-87E7-2457DDDDDB3F}"
EndProject
Project("{FAE04EC0-301F-11D3-BF4B-00C04F79EFBC}") = "MyAirVinylScratch", "Scratch\MyAirVinylScratch\MyAirVinylScratch.csproj", "{7D98ED27-FC67-4EF7-BC68-29F7752497FD}"
EndProject
Project("{2150E333-8FDC-42A3-9474-1A3956D46DE8}") = "MinimalCarter", "MinimalCarter", "{B0F6770D-20E4-4301-BE16-968A021E6523}"
EndProject
Project("{FAE04EC0-301F-11D3-BF4B-00C04F79EFBC}") = "MyAirVinylCarter", "MinimalCarter\MyAirVinylCarter\MyAirVinylCarter.csproj", "{65309762-9F8C-4B6B-A2D2-22935FC61FF7}"
EndProject
Project("{FAE04EC0-301F-11D3-BF4B-00C04F79EFBC}") = "CarterDefault", "MinimalCarter\CarterDefault\CarterDefault.csproj", "{6557FA88-A9EB-4797-8603-A7F3BFB8C055}"
EndProject
Project("{FAE04EC0-301F-11D3-BF4B-00C04F79EFBC}") = "MyAirVinylMiniCarter", "MinimalCarter\MyAirVinylMiniCarter\MyAirVinylMiniCarter.csproj", "{8A48863B-2080-4D65-B129-C781DD5604C6}"
EndProject
Project("{2150E333-8FDC-42A3-9474-1A3956D46DE8}") = "MinimalApp", "MinimalApp", "{EA2EE8E0-480E-4D4D-AEA3-57036751A206}"
EndProject
Global
	GlobalSection(SolutionConfigurationPlatforms) = preSolution
		Debug|Any CPU = Debug|Any CPU
		Debug|x64 = Debug|x64
		Debug|x86 = Debug|x86
		Release|Any CPU = Release|Any CPU
		Release|x64 = Release|x64
		Release|x86 = Release|x86
	EndGlobalSection
	GlobalSection(ProjectConfigurationPlatforms) = postSolution
		{E4999D1C-8482-4744-8A42-E04E3BA96FAB}.Debug|Any CPU.ActiveCfg = Debug|Any CPU
		{E4999D1C-8482-4744-8A42-E04E3BA96FAB}.Debug|Any CPU.Build.0 = Debug|Any CPU
		{E4999D1C-8482-4744-8A42-E04E3BA96FAB}.Debug|x64.ActiveCfg = Debug|Any CPU
		{E4999D1C-8482-4744-8A42-E04E3BA96FAB}.Debug|x64.Build.0 = Debug|Any CPU
		{E4999D1C-8482-4744-8A42-E04E3BA96FAB}.Debug|x86.ActiveCfg = Debug|Any CPU
		{E4999D1C-8482-4744-8A42-E04E3BA96FAB}.Debug|x86.Build.0 = Debug|Any CPU
		{E4999D1C-8482-4744-8A42-E04E3BA96FAB}.Release|Any CPU.ActiveCfg = Release|Any CPU
		{E4999D1C-8482-4744-8A42-E04E3BA96FAB}.Release|Any CPU.Build.0 = Release|Any CPU
		{E4999D1C-8482-4744-8A42-E04E3BA96FAB}.Release|x64.ActiveCfg = Release|Any CPU
		{E4999D1C-8482-4744-8A42-E04E3BA96FAB}.Release|x64.Build.0 = Release|Any CPU
		{E4999D1C-8482-4744-8A42-E04E3BA96FAB}.Release|x86.ActiveCfg = Release|Any CPU
		{E4999D1C-8482-4744-8A42-E04E3BA96FAB}.Release|x86.Build.0 = Release|Any CPU
		{D01A3E0F-50D2-4C02-A94F-AA0C37C726D3}.Debug|Any CPU.ActiveCfg = Debug|Any CPU
		{D01A3E0F-50D2-4C02-A94F-AA0C37C726D3}.Debug|Any CPU.Build.0 = Debug|Any CPU
		{D01A3E0F-50D2-4C02-A94F-AA0C37C726D3}.Debug|x64.ActiveCfg = Debug|Any CPU
		{D01A3E0F-50D2-4C02-A94F-AA0C37C726D3}.Debug|x64.Build.0 = Debug|Any CPU
		{D01A3E0F-50D2-4C02-A94F-AA0C37C726D3}.Debug|x86.ActiveCfg = Debug|Any CPU
		{D01A3E0F-50D2-4C02-A94F-AA0C37C726D3}.Debug|x86.Build.0 = Debug|Any CPU
		{D01A3E0F-50D2-4C02-A94F-AA0C37C726D3}.Release|Any CPU.ActiveCfg = Release|Any CPU
		{D01A3E0F-50D2-4C02-A94F-AA0C37C726D3}.Release|Any CPU.Build.0 = Release|Any CPU
		{D01A3E0F-50D2-4C02-A94F-AA0C37C726D3}.Release|x64.ActiveCfg = Release|Any CPU
		{D01A3E0F-50D2-4C02-A94F-AA0C37C726D3}.Release|x64.Build.0 = Release|Any CPU
		{D01A3E0F-50D2-4C02-A94F-AA0C37C726D3}.Release|x86.ActiveCfg = Release|Any CPU
		{D01A3E0F-50D2-4C02-A94F-AA0C37C726D3}.Release|x86.Build.0 = Release|Any CPU
		{4E9615BE-7E64-6613-7CA7-8A11157291ED}.Debug|Any CPU.ActiveCfg = Debug|Any CPU
		{4E9615BE-7E64-6613-7CA7-8A11157291ED}.Debug|Any CPU.Build.0 = Debug|Any CPU
		{4E9615BE-7E64-6613-7CA7-8A11157291ED}.Debug|x64.ActiveCfg = Debug|Any CPU
		{4E9615BE-7E64-6613-7CA7-8A11157291ED}.Debug|x64.Build.0 = Debug|Any CPU
		{4E9615BE-7E64-6613-7CA7-8A11157291ED}.Debug|x86.ActiveCfg = Debug|Any CPU
		{4E9615BE-7E64-6613-7CA7-8A11157291ED}.Debug|x86.Build.0 = Debug|Any CPU
		{4E9615BE-7E64-6613-7CA7-8A11157291ED}.Release|Any CPU.ActiveCfg = Release|Any CPU
		{4E9615BE-7E64-6613-7CA7-8A11157291ED}.Release|Any CPU.Build.0 = Release|Any CPU
		{4E9615BE-7E64-6613-7CA7-8A11157291ED}.Release|x64.ActiveCfg = Release|Any CPU
		{4E9615BE-7E64-6613-7CA7-8A11157291ED}.Release|x64.Build.0 = Release|Any CPU
		{4E9615BE-7E64-6613-7CA7-8A11157291ED}.Release|x86.ActiveCfg = Release|Any CPU
		{4E9615BE-7E64-6613-7CA7-8A11157291ED}.Release|x86.Build.0 = Release|Any CPU
		{F1A81B56-92B8-402F-87E7-2457DDDDDB3F}.Debug|Any CPU.ActiveCfg = Debug|Any CPU
		{F1A81B56-92B8-402F-87E7-2457DDDDDB3F}.Debug|Any CPU.Build.0 = Debug|Any CPU
		{F1A81B56-92B8-402F-87E7-2457DDDDDB3F}.Debug|x64.ActiveCfg = Debug|Any CPU
		{F1A81B56-92B8-402F-87E7-2457DDDDDB3F}.Debug|x64.Build.0 = Debug|Any CPU
		{F1A81B56-92B8-402F-87E7-2457DDDDDB3F}.Debug|x86.ActiveCfg = Debug|Any CPU
		{F1A81B56-92B8-402F-87E7-2457DDDDDB3F}.Debug|x86.Build.0 = Debug|Any CPU
		{F1A81B56-92B8-402F-87E7-2457DDDDDB3F}.Release|Any CPU.ActiveCfg = Release|Any CPU
		{F1A81B56-92B8-402F-87E7-2457DDDDDB3F}.Release|Any CPU.Build.0 = Release|Any CPU
		{F1A81B56-92B8-402F-87E7-2457DDDDDB3F}.Release|x64.ActiveCfg = Release|Any CPU
		{F1A81B56-92B8-402F-87E7-2457DDDDDB3F}.Release|x64.Build.0 = Release|Any CPU
		{F1A81B56-92B8-402F-87E7-2457DDDDDB3F}.Release|x86.ActiveCfg = Release|Any CPU
		{F1A81B56-92B8-402F-87E7-2457DDDDDB3F}.Release|x86.Build.0 = Release|Any CPU
		{7D98ED27-FC67-4EF7-BC68-29F7752497FD}.Debug|Any CPU.ActiveCfg = Debug|Any CPU
		{7D98ED27-FC67-4EF7-BC68-29F7752497FD}.Debug|Any CPU.Build.0 = Debug|Any CPU
		{7D98ED27-FC67-4EF7-BC68-29F7752497FD}.Debug|x64.ActiveCfg = Debug|Any CPU
		{7D98ED27-FC67-4EF7-BC68-29F7752497FD}.Debug|x64.Build.0 = Debug|Any CPU
		{7D98ED27-FC67-4EF7-BC68-29F7752497FD}.Debug|x86.ActiveCfg = Debug|Any CPU
		{7D98ED27-FC67-4EF7-BC68-29F7752497FD}.Debug|x86.Build.0 = Debug|Any CPU
		{7D98ED27-FC67-4EF7-BC68-29F7752497FD}.Release|Any CPU.ActiveCfg = Release|Any CPU
		{7D98ED27-FC67-4EF7-BC68-29F7752497FD}.Release|Any CPU.Build.0 = Release|Any CPU
		{7D98ED27-FC67-4EF7-BC68-29F7752497FD}.Release|x64.ActiveCfg = Release|Any CPU
		{7D98ED27-FC67-4EF7-BC68-29F7752497FD}.Release|x64.Build.0 = Release|Any CPU
		{7D98ED27-FC67-4EF7-BC68-29F7752497FD}.Release|x86.ActiveCfg = Release|Any CPU
		{7D98ED27-FC67-4EF7-BC68-29F7752497FD}.Release|x86.Build.0 = Release|Any CPU
		{65309762-9F8C-4B6B-A2D2-22935FC61FF7}.Debug|Any CPU.ActiveCfg = Debug|Any CPU
		{65309762-9F8C-4B6B-A2D2-22935FC61FF7}.Debug|Any CPU.Build.0 = Debug|Any CPU
		{65309762-9F8C-4B6B-A2D2-22935FC61FF7}.Debug|x64.ActiveCfg = Debug|Any CPU
		{65309762-9F8C-4B6B-A2D2-22935FC61FF7}.Debug|x64.Build.0 = Debug|Any CPU
		{65309762-9F8C-4B6B-A2D2-22935FC61FF7}.Debug|x86.ActiveCfg = Debug|Any CPU
		{65309762-9F8C-4B6B-A2D2-22935FC61FF7}.Debug|x86.Build.0 = Debug|Any CPU
		{65309762-9F8C-4B6B-A2D2-22935FC61FF7}.Release|Any CPU.ActiveCfg = Release|Any CPU
		{65309762-9F8C-4B6B-A2D2-22935FC61FF7}.Release|Any CPU.Build.0 = Release|Any CPU
		{65309762-9F8C-4B6B-A2D2-22935FC61FF7}.Release|x64.ActiveCfg = Release|Any CPU
		{65309762-9F8C-4B6B-A2D2-22935FC61FF7}.Release|x64.Build.0 = Release|Any CPU
		{65309762-9F8C-4B6B-A2D2-22935FC61FF7}.Release|x86.ActiveCfg = Release|Any CPU
		{65309762-9F8C-4B6B-A2D2-22935FC61FF7}.Release|x86.Build.0 = Release|Any CPU
		{6557FA88-A9EB-4797-8603-A7F3BFB8C055}.Debug|Any CPU.ActiveCfg = Debug|Any CPU
		{6557FA88-A9EB-4797-8603-A7F3BFB8C055}.Debug|Any CPU.Build.0 = Debug|Any CPU
		{6557FA88-A9EB-4797-8603-A7F3BFB8C055}.Debug|x64.ActiveCfg = Debug|Any CPU
		{6557FA88-A9EB-4797-8603-A7F3BFB8C055}.Debug|x64.Build.0 = Debug|Any CPU
		{6557FA88-A9EB-4797-8603-A7F3BFB8C055}.Debug|x86.ActiveCfg = Debug|Any CPU
		{6557FA88-A9EB-4797-8603-A7F3BFB8C055}.Debug|x86.Build.0 = Debug|Any CPU
		{6557FA88-A9EB-4797-8603-A7F3BFB8C055}.Release|Any CPU.ActiveCfg = Release|Any CPU
		{6557FA88-A9EB-4797-8603-A7F3BFB8C055}.Release|Any CPU.Build.0 = Release|Any CPU
		{6557FA88-A9EB-4797-8603-A7F3BFB8C055}.Release|x64.ActiveCfg = Release|Any CPU
		{6557FA88-A9EB-4797-8603-A7F3BFB8C055}.Release|x64.Build.0 = Release|Any CPU
		{6557FA88-A9EB-4797-8603-A7F3BFB8C055}.Release|x86.ActiveCfg = Release|Any CPU
		{6557FA88-A9EB-4797-8603-A7F3BFB8C055}.Release|x86.Build.0 = Release|Any CPU
		{8A48863B-2080-4D65-B129-C781DD5604C6}.Debug|Any CPU.ActiveCfg = Debug|Any CPU
		{8A48863B-2080-4D65-B129-C781DD5604C6}.Debug|Any CPU.Build.0 = Debug|Any CPU
		{8A48863B-2080-4D65-B129-C781DD5604C6}.Debug|x64.ActiveCfg = Debug|Any CPU
		{8A48863B-2080-4D65-B129-C781DD5604C6}.Debug|x64.Build.0 = Debug|Any CPU
		{8A48863B-2080-4D65-B129-C781DD5604C6}.Debug|x86.ActiveCfg = Debug|Any CPU
		{8A48863B-2080-4D65-B129-C781DD5604C6}.Debug|x86.Build.0 = Debug|Any CPU
		{8A48863B-2080-4D65-B129-C781DD5604C6}.Release|Any CPU.ActiveCfg = Release|Any CPU
		{8A48863B-2080-4D65-B129-C781DD5604C6}.Release|Any CPU.Build.0 = Release|Any CPU
		{8A48863B-2080-4D65-B129-C781DD5604C6}.Release|x64.ActiveCfg = Release|Any CPU
		{8A48863B-2080-4D65-B129-C781DD5604C6}.Release|x64.Build.0 = Release|Any CPU
		{8A48863B-2080-4D65-B129-C781DD5604C6}.Release|x86.ActiveCfg = Release|Any CPU
		{8A48863B-2080-4D65-B129-C781DD5604C6}.Release|x86.Build.0 = Release|Any CPU
	EndGlobalSection
	GlobalSection(SolutionProperties) = preSolution
		HideSolutionNode = FALSE
	EndGlobalSection
	GlobalSection(NestedProjects) = preSolution
		{E4999D1C-8482-4744-8A42-E04E3BA96FAB} = {F95F473B-E98A-ACD6-1986-755F447BE36F}
		{D01A3E0F-50D2-4C02-A94F-AA0C37C726D3} = {02EA681E-C7D8-13C7-8484-4AC65E1B71E8}
		{4E9615BE-7E64-6613-7CA7-8A11157291ED} = {AD224F9D-5C7D-42FA-8CF1-679007DBFA0A}
		{F1A81B56-92B8-402F-87E7-2457DDDDDB3F} = {02EA681E-C7D8-13C7-8484-4AC65E1B71E8}
		{7D98ED27-FC67-4EF7-BC68-29F7752497FD} = {85315945-EAD3-408B-92AC-B579DFDFE922}
		{65309762-9F8C-4B6B-A2D2-22935FC61FF7} = {B0F6770D-20E4-4301-BE16-968A021E6523}
		{6557FA88-A9EB-4797-8603-A7F3BFB8C055} = {B0F6770D-20E4-4301-BE16-968A021E6523}
		{8A48863B-2080-4D65-B129-C781DD5604C6} = {B0F6770D-20E4-4301-BE16-968A021E6523}
	EndGlobalSection
	GlobalSection(ExtensibilityGlobals) = postSolution
		SolutionGuid = {14689D56-4684-4E7D-8438-E510BCA338A3}
	EndGlobalSection
EndGlobal
